// !$*UTF8*$!
{
	archiveVersion = 1;
	classes = {
	};
	objectVersion = 46;
	objects = {

/* Begin PBXBuildFile section */
		0453F2691F02C7B200D61C03 /* Images.xcassets in Resources */ = {isa = PBXBuildFile; fileRef = 0453F2681F02C7B200D61C03 /* Images.xcassets */; };
		0487A6DD1F332AD400F1BA11 /* SwiftyJSON.swift in Sources */ = {isa = PBXBuildFile; fileRef = 0487A6DC1F332AD400F1BA11 /* SwiftyJSON.swift */; };
		04EF0CD71EC1CB1F002FB90D /* AppDelegate.swift in Sources */ = {isa = PBXBuildFile; fileRef = 04EF0CD61EC1CB1F002FB90D /* AppDelegate.swift */; };
		04EF0CD91EC1CB1F002FB90D /* ViewController.swift in Sources */ = {isa = PBXBuildFile; fileRef = 04EF0CD81EC1CB1F002FB90D /* ViewController.swift */; };
		04EF0CDC1EC1CB1F002FB90D /* Main.storyboard in Resources */ = {isa = PBXBuildFile; fileRef = 04EF0CDA1EC1CB1F002FB90D /* Main.storyboard */; };
		04EF0CDE1EC1CB1F002FB90D /* Assets.xcassets in Resources */ = {isa = PBXBuildFile; fileRef = 04EF0CDD1EC1CB1F002FB90D /* Assets.xcassets */; };
		04EF0CE11EC1CB1F002FB90D /* LaunchScreen.storyboard in Resources */ = {isa = PBXBuildFile; fileRef = 04EF0CDF1EC1CB1F002FB90D /* LaunchScreen.storyboard */; };
		04EF0CEB1EC1CE99002FB90D /* DetailViewController.swift in Sources */ = {isa = PBXBuildFile; fileRef = 04EF0CEA1EC1CE99002FB90D /* DetailViewController.swift */; };
		04EF0CED1EC1CEE2002FB90D /* Links.swift in Sources */ = {isa = PBXBuildFile; fileRef = 04EF0CEC1EC1CEE2002FB90D /* Links.swift */; };
		04EF0CF11EC1CF8F002FB90D /* Link.swift in Sources */ = {isa = PBXBuildFile; fileRef = 04EF0CF01EC1CF8F002FB90D /* Link.swift */; };
		04EF0D261EC2DEC0002FB90D /* SideScrollSegue.swift in Sources */ = {isa = PBXBuildFile; fileRef = 04EF0D251EC2DEC0002FB90D /* SideScrollSegue.swift */; };
/* End PBXBuildFile section */

/* Begin PBXFileReference section */
		040A40871F33E99100CD3109 /* libsqlite3.dylib */ = {isa = PBXFileReference; lastKnownFileType = "compiled.mach-o.dylib"; name = libsqlite3.dylib; path = ../../../usr/lib/libsqlite3.dylib; sourceTree = "<group>"; };
		0453F2681F02C7B200D61C03 /* Images.xcassets */ = {isa = PBXFileReference; lastKnownFileType = folder.assetcatalog; path = Images.xcassets; sourceTree = "<group>"; };
		0487A6DC1F332AD400F1BA11 /* SwiftyJSON.swift */ = {isa = PBXFileReference; fileEncoding = 4; lastKnownFileType = sourcecode.swift; path = SwiftyJSON.swift; sourceTree = "<group>"; };
		04EF0CD31EC1CB1F002FB90D /* アニマルNote.app */ = {isa = PBXFileReference; explicitFileType = wrapper.application; includeInIndex = 0; path = "アニマルNote.app"; sourceTree = BUILT_PRODUCTS_DIR; };
		04EF0CD61EC1CB1F002FB90D /* AppDelegate.swift */ = {isa = PBXFileReference; lastKnownFileType = sourcecode.swift; path = AppDelegate.swift; sourceTree = "<group>"; };
		04EF0CD81EC1CB1F002FB90D /* ViewController.swift */ = {isa = PBXFileReference; lastKnownFileType = sourcecode.swift; path = ViewController.swift; sourceTree = "<group>"; };
		04EF0CDB1EC1CB1F002FB90D /* Base */ = {isa = PBXFileReference; lastKnownFileType = file.storyboard; name = Base; path = Base.lproj/Main.storyboard; sourceTree = "<group>"; };
		04EF0CDD1EC1CB1F002FB90D /* Assets.xcassets */ = {isa = PBXFileReference; lastKnownFileType = folder.assetcatalog; path = Assets.xcassets; sourceTree = "<group>"; };
		04EF0CE01EC1CB1F002FB90D /* Base */ = {isa = PBXFileReference; lastKnownFileType = file.storyboard; name = Base; path = Base.lproj/LaunchScreen.storyboard; sourceTree = "<group>"; };
		04EF0CE21EC1CB1F002FB90D /* Info.plist */ = {isa = PBXFileReference; lastKnownFileType = text.plist.xml; path = Info.plist; sourceTree = "<group>"; };
		04EF0CEA1EC1CE99002FB90D /* DetailViewController.swift */ = {isa = PBXFileReference; fileEncoding = 4; lastKnownFileType = sourcecode.swift; path = DetailViewController.swift; sourceTree = "<group>"; };
		04EF0CEC1EC1CEE2002FB90D /* Links.swift */ = {isa = PBXFileReference; fileEncoding = 4; lastKnownFileType = sourcecode.swift; path = Links.swift; sourceTree = "<group>"; };
		04EF0CF01EC1CF8F002FB90D /* Link.swift */ = {isa = PBXFileReference; fileEncoding = 4; lastKnownFileType = sourcecode.swift; path = Link.swift; sourceTree = "<group>"; };
		04EF0D251EC2DEC0002FB90D /* SideScrollSegue.swift */ = {isa = PBXFileReference; fileEncoding = 4; lastKnownFileType = sourcecode.swift; path = SideScrollSegue.swift; sourceTree = "<group>"; };
/* End PBXFileReference section */

/* Begin PBXFrameworksBuildPhase section */
		04EF0CD01EC1CB1F002FB90D /* Frameworks */ = {
			isa = PBXFrameworksBuildPhase;
			buildActionMask = 2147483647;
			files = (
			);
			runOnlyForDeploymentPostprocessing = 0;
		};
/* End PBXFrameworksBuildPhase section */

/* Begin PBXGroup section */
		040A40861F33E99100CD3109 /* Frameworks */ = {
			isa = PBXGroup;
			children = (
				040A40871F33E99100CD3109 /* libsqlite3.dylib */,
			);
			name = Frameworks;
			sourceTree = "<group>";
		};
		04EF0CCA1EC1CB1F002FB90D = {
			isa = PBXGroup;
			children = (
				04EF0CD51EC1CB1F002FB90D /* SwiftyJson Only01 */,
				04EF0CD41EC1CB1F002FB90D /* Products */,
				040A40861F33E99100CD3109 /* Frameworks */,
			);
			sourceTree = "<group>";
		};
		04EF0CD41EC1CB1F002FB90D /* Products */ = {
			isa = PBXGroup;
			children = (
				04EF0CD31EC1CB1F002FB90D /* アニマルNote.app */,
			);
			name = Products;
			sourceTree = "<group>";
		};
		04EF0CD51EC1CB1F002FB90D /* SwiftyJson Only01 */ = {
			isa = PBXGroup;
			children = (
				04EF0CD61EC1CB1F002FB90D /* AppDelegate.swift */,
				0487A6DC1F332AD400F1BA11 /* SwiftyJSON.swift */,
				04EF0CD81EC1CB1F002FB90D /* ViewController.swift */,
				04EF0CDA1EC1CB1F002FB90D /* Main.storyboard */,
				0453F2681F02C7B200D61C03 /* Images.xcassets */,
				04EF0D251EC2DEC0002FB90D /* SideScrollSegue.swift */,
				04EF0CF01EC1CF8F002FB90D /* Link.swift */,
				04EF0CEC1EC1CEE2002FB90D /* Links.swift */,
				04EF0CEA1EC1CE99002FB90D /* DetailViewController.swift */,
				04EF0CDD1EC1CB1F002FB90D /* Assets.xcassets */,
				04EF0CDF1EC1CB1F002FB90D /* LaunchScreen.storyboard */,
				04EF0CE21EC1CB1F002FB90D /* Info.plist */,
			);
			path = "SwiftyJson Only01";
			sourceTree = "<group>";
		};
/* End PBXGroup section */

/* Begin PBXNativeTarget section */
		04EF0CD21EC1CB1F002FB90D /* SwiftyJson Only01 */ = {
			isa = PBXNativeTarget;
			buildConfigurationList = 04EF0CE51EC1CB1F002FB90D /* Build configuration list for PBXNativeTarget "SwiftyJson Only01" */;
			buildPhases = (
				04EF0CCF1EC1CB1F002FB90D /* Sources */,
				04EF0CD01EC1CB1F002FB90D /* Frameworks */,
				04EF0CD11EC1CB1F002FB90D /* Resources */,
			);
			buildRules = (
			);
			dependencies = (
			);
			name = "SwiftyJson Only01";
			productName = "SwiftyJson Only01";
			productReference = 04EF0CD31EC1CB1F002FB90D /* アニマルNote.app */;
			productType = "com.apple.product-type.application";
		};
/* End PBXNativeTarget section */

/* Begin PBXProject section */
		04EF0CCB1EC1CB1F002FB90D /* Project object */ = {
			isa = PBXProject;
			attributes = {
				LastSwiftUpdateCheck = 0730;
				LastUpgradeCheck = 0730;
				ORGANIZATIONNAME = Mac;
				TargetAttributes = {
					04EF0CD21EC1CB1F002FB90D = {
						CreatedOnToolsVersion = 7.3.1;
						DevelopmentTeam = MYPKCM8NU2;
						LastSwiftMigration = 0830;
					};
				};
			};
			buildConfigurationList = 04EF0CCE1EC1CB1F002FB90D /* Build configuration list for PBXProject "SwiftyJson Only01" */;
			compatibilityVersion = "Xcode 3.2";
			developmentRegion = English;
			hasScannedForEncodings = 0;
			knownRegions = (
				en,
				Base,
			);
			mainGroup = 04EF0CCA1EC1CB1F002FB90D;
			productRefGroup = 04EF0CD41EC1CB1F002FB90D /* Products */;
			projectDirPath = "";
			projectRoot = "";
			targets = (
				04EF0CD21EC1CB1F002FB90D /* SwiftyJson Only01 */,
			);
		};
/* End PBXProject section */

/* Begin PBXResourcesBuildPhase section */
		04EF0CD11EC1CB1F002FB90D /* Resources */ = {
			isa = PBXResourcesBuildPhase;
			buildActionMask = 2147483647;
			files = (
				04EF0CE11EC1CB1F002FB90D /* LaunchScreen.storyboard in Resources */,
				0453F2691F02C7B200D61C03 /* Images.xcassets in Resources */,
				04EF0CDE1EC1CB1F002FB90D /* Assets.xcassets in Resources */,
				04EF0CDC1EC1CB1F002FB90D /* Main.storyboard in Resources */,
			);
			runOnlyForDeploymentPostprocessing = 0;
		};
/* End PBXResourcesBuildPhase section */

/* Begin PBXSourcesBuildPhase section */
		04EF0CCF1EC1CB1F002FB90D /* Sources */ = {
			isa = PBXSourcesBuildPhase;
			buildActionMask = 2147483647;
			files = (
				04EF0CD91EC1CB1F002FB90D /* ViewController.swift in Sources */,
				04EF0CD71EC1CB1F002FB90D /* AppDelegate.swift in Sources */,
				04EF0CEB1EC1CE99002FB90D /* DetailViewController.swift in Sources */,
				04EF0CED1EC1CEE2002FB90D /* Links.swift in Sources */,
				0487A6DD1F332AD400F1BA11 /* SwiftyJSON.swift in Sources */,
				04EF0D261EC2DEC0002FB90D /* SideScrollSegue.swift in Sources */,
				04EF0CF11EC1CF8F002FB90D /* Link.swift in Sources */,
			);
			runOnlyForDeploymentPostprocessing = 0;
		};
/* End PBXSourcesBuildPhase section */

/* Begin PBXVariantGroup section */
		04EF0CDA1EC1CB1F002FB90D /* Main.storyboard */ = {
			isa = PBXVariantGroup;
			children = (
				04EF0CDB1EC1CB1F002FB90D /* Base */,
			);
			name = Main.storyboard;
			sourceTree = "<group>";
		};
		04EF0CDF1EC1CB1F002FB90D /* LaunchScreen.storyboard */ = {
			isa = PBXVariantGroup;
			children = (
				04EF0CE01EC1CB1F002FB90D /* Base */,
			);
			name = LaunchScreen.storyboard;
			sourceTree = "<group>";
		};
/* End PBXVariantGroup section */

/* Begin XCBuildConfiguration section */
		04EF0CE31EC1CB1F002FB90D /* Debug */ = {
			isa = XCBuildConfiguration;
			buildSettings = {
				ALWAYS_SEARCH_USER_PATHS = NO;
				CLANG_ANALYZER_NONNULL = YES;
				CLANG_CXX_LANGUAGE_STANDARD = "gnu++0x";
				CLANG_CXX_LIBRARY = "libc++";
				CLANG_ENABLE_MODULES = YES;
				CLANG_ENABLE_OBJC_ARC = YES;
				CLANG_WARN_BOOL_CONVERSION = YES;
				CLANG_WARN_CONSTANT_CONVERSION = YES;
				CLANG_WARN_DIRECT_OBJC_ISA_USAGE = YES_ERROR;
				CLANG_WARN_EMPTY_BODY = YES;
				CLANG_WARN_ENUM_CONVERSION = YES;
				CLANG_WARN_INT_CONVERSION = YES;
				CLANG_WARN_OBJC_ROOT_CLASS = YES_ERROR;
				CLANG_WARN_UNREACHABLE_CODE = YES;
				CLANG_WARN__DUPLICATE_METHOD_MATCH = YES;
				"CODE_SIGN_IDENTITY[sdk=iphoneos*]" = "iPhone Developer";
				COPY_PHASE_STRIP = NO;
				DEBUG_INFORMATION_FORMAT = dwarf;
				ENABLE_STRICT_OBJC_MSGSEND = YES;
				ENABLE_TESTABILITY = YES;
				GCC_C_LANGUAGE_STANDARD = gnu99;
				GCC_DYNAMIC_NO_PIC = NO;
				GCC_NO_COMMON_BLOCKS = YES;
				GCC_OPTIMIZATION_LEVEL = 0;
				GCC_PREPROCESSOR_DEFINITIONS = (
					"DEBUG=1",
					"$(inherited)",
				);
				GCC_WARN_64_TO_32_BIT_CONVERSION = YES;
				GCC_WARN_ABOUT_RETURN_TYPE = YES_ERROR;
				GCC_WARN_UNDECLARED_SELECTOR = YES;
				GCC_WARN_UNINITIALIZED_AUTOS = YES_AGGRESSIVE;
				GCC_WARN_UNUSED_FUNCTION = YES;
				GCC_WARN_UNUSED_VARIABLE = YES;
				IPHONEOS_DEPLOYMENT_TARGET = 9.3;
				MTL_ENABLE_DEBUG_INFO = YES;
				ONLY_ACTIVE_ARCH = YES;
				SDKROOT = iphoneos;
				SWIFT_OPTIMIZATION_LEVEL = "-Onone";
			};
			name = Debug;
		};
		04EF0CE41EC1CB1F002FB90D /* Release */ = {
			isa = XCBuildConfiguration;
			buildSettings = {
				ALWAYS_SEARCH_USER_PATHS = NO;
				CLANG_ANALYZER_NONNULL = YES;
				CLANG_CXX_LANGUAGE_STANDARD = "gnu++0x";
				CLANG_CXX_LIBRARY = "libc++";
				CLANG_ENABLE_MODULES = YES;
				CLANG_ENABLE_OBJC_ARC = YES;
				CLANG_WARN_BOOL_CONVERSION = YES;
				CLANG_WARN_CONSTANT_CONVERSION = YES;
				CLANG_WARN_DIRECT_OBJC_ISA_USAGE = YES_ERROR;
				CLANG_WARN_EMPTY_BODY = YES;
				CLANG_WARN_ENUM_CONVERSION = YES;
				CLANG_WARN_INT_CONVERSION = YES;
				CLANG_WARN_OBJC_ROOT_CLASS = YES_ERROR;
				CLANG_WARN_UNREACHABLE_CODE = YES;
				CLANG_WARN__DUPLICATE_METHOD_MATCH = YES;
				"CODE_SIGN_IDENTITY[sdk=iphoneos*]" = "iPhone Developer";
				COPY_PHASE_STRIP = NO;
				DEBUG_INFORMATION_FORMAT = "dwarf-with-dsym";
				ENABLE_NS_ASSERTIONS = NO;
				ENABLE_STRICT_OBJC_MSGSEND = YES;
				GCC_C_LANGUAGE_STANDARD = gnu99;
				GCC_NO_COMMON_BLOCKS = YES;
				GCC_WARN_64_TO_32_BIT_CONVERSION = YES;
				GCC_WARN_ABOUT_RETURN_TYPE = YES_ERROR;
				GCC_WARN_UNDECLARED_SELECTOR = YES;
				GCC_WARN_UNINITIALIZED_AUTOS = YES_AGGRESSIVE;
				GCC_WARN_UNUSED_FUNCTION = YES;
				GCC_WARN_UNUSED_VARIABLE = YES;
				IPHONEOS_DEPLOYMENT_TARGET = 9.3;
				MTL_ENABLE_DEBUG_INFO = NO;
				SDKROOT = iphoneos;
				VALIDATE_PRODUCT = YES;
			};
			name = Release;
		};
		04EF0CE61EC1CB1F002FB90D /* Debug */ = {
			isa = XCBuildConfiguration;
			buildSettings = {
				ASSETCATALOG_COMPILER_APPICON_NAME = AppIcon;
				CODE_SIGN_IDENTITY = "iPhone Developer";
				INFOPLIST_FILE = "SwiftyJson Only01/Info.plist";
				LD_RUNPATH_SEARCH_PATHS = "$(inherited) @executable_path/Frameworks";
				PRODUCT_BUNDLE_IDENTIFIER = "club.animalnoteclub.SwiftyJson-Only01";
				PRODUCT_NAME = "アニマルNote";
				SWIFT_VERSION = 3.0;
			};
			name = Debug;
		};
		04EF0CE71EC1CB1F002FB90D /* Release */ = {
			isa = XCBuildConfiguration;
			buildSettings = {
				ASSETCATALOG_COMPILER_APPICON_NAME = AppIcon;
				CODE_SIGN_IDENTITY = "iPhone Developer";
				INFOPLIST_FILE = "SwiftyJson Only01/Info.plist";
				LD_RUNPATH_SEARCH_PATHS = "$(inherited) @executable_path/Frameworks";
				PRODUCT_BUNDLE_IDENTIFIER = "club.animalnoteclub.SwiftyJson-Only01";
				PRODUCT_NAME = "アニマルNote";
				SWIFT_VERSION = 3.0;
			};
			name = Release;
		};
/* End XCBuildConfiguration section */

/* Begin XCConfigurationList section */
		04EF0CCE1EC1CB1F002FB90D /* Build configuration list for PBXProject "SwiftyJson Only01" */ = {
			isa = XCConfigurationList;
			buildConfigurations = (
				04EF0CE31EC1CB1F002FB90D /* Debug */,
				04EF0CE41EC1CB1F002FB90D /* Release */,
			);
			defaultConfigurationIsVisible = 0;
			defaultConfigurationName = Release;
		};
		04EF0CE51EC1CB1F002FB90D /* Build configuration list for PBXNativeTarget "SwiftyJson Only01" */ = {
			isa = XCConfigurationList;
			buildConfigurations = (
				04EF0CE61EC1CB1F002FB90D /* Debug */,
				04EF0CE71EC1CB1F002FB90D /* Release */,
			);
			defaultConfigurationIsVisible = 0;
			defaultConfigurationName = Release;
		};
/* End XCConfigurationList section */
	};
	rootObject = 04EF0CCB1EC1CB1F002FB90D /* Project object */;
}
